
Microsoft Visual Studio Solution File, Format Version 12.00
# Visual Studio Version 16
VisualStudioVersion = 16.0.31129.286
MinimumVisualStudioVersion = 10.0.40219.1
Project("{FAE04EC0-301F-11D3-BF4B-00C04F79EFBC}") = "033_ExeCRUDWinForm_A", "033_ExeCRUDWinForm_A\033_ExeCRUDWinForm_A.csproj", "{070A3BC4-A65B-4A42-AC5F-B294F2889CC3}"
EndProject
Global
	GlobalSection(SolutionConfigurationPlatforms) = preSolution
		Debug|Any CPU = Debug|Any CPU
		Release|Any CPU = Release|Any CPU
	EndGlobalSection
	GlobalSection(ProjectConfigurationPlatforms) = postSolution
		{070A3BC4-A65B-4A42-AC5F-B294F2889CC3}.Debug|Any CPU.ActiveCfg = Debug|Any CPU
		{070A3BC4-A65B-4A42-AC5F-B294F2889CC3}.Debug|Any CPU.Build.0 = Debug|Any CPU
		{070A3BC4-A65B-4A42-AC5F-B294F2889CC3}.Release|Any CPU.ActiveCfg = Release|Any CPU
		{070A3BC4-A65B-4A42-AC5F-B294F2889CC3}.Release|Any CPU.Build.0 = Release|Any CPU
	EndGlobalSection
	GlobalSection(SolutionProperties) = preSolution
		HideSolutionNode = FALSE
	EndGlobalSection
	GlobalSection(ExtensibilityGlobals) = postSolution
		SolutionGuid = {06F885B6-032E-4B10-B0D8-8873C61742E1}
	EndGlobalSection
EndGlobal
